github.com/bwmarrin/discordgo v0.20.2 h1:nA7jiTtqUA9lT93WL2jPjUp8ZTEInRujBdx1C9gkr20=
github.com/bwmarrin/discordgo v0.20.2/go.mod h1:O9S4p+ofTFwB02em7jkpkV8M3R0/PUVOwN61zSZ0r4Q=
github.com/cfi2017/dgwidgets v0.0.0-20200122130828-a79157a1f3f5 h1:cFM556y8lakzg2fSiiP8u5cHXTHBZ4WExlz5YfPRxAY=
github.com/cfi2017/dgwidgets v0.0.0-20200122130828-a79157a1f3f5/go.mod h1:fr/9A7SIxLL2AokSipBWYaspDHH6V78E3JO4O1GxBx4=
github.com/cfi2017/dgwidgets v0.0.0-20200122152501-efa956f7fd21 h1:9qzTf3VeAG8RxnQEJ0YzPLvFOcD8Q15n87oeAs5MSJY=
github.com/cfi2017/dgwidgets v0.0.0-20200122152501-efa956f7fd21/go.mod h1:fr/9A7SIxLL2AokSipBWYaspDHH6V78E3JO4O1GxBx4=
github.com/cfi2017/dgwidgets v0.0.0-20200122152806-e96495c6f5fe h1:dz1HsJSOOD6x4pGfRZDEMMhc0dM81gZPAv8fh0LVjvY=
github.com/cfi2017/dgwidgets v0.0.0-20200122152806-e96495c6f5fe/go.mod h1:fr/9A7SIxLL2AokSipBWYaspDHH6V78E3JO4O1GxBx4=
github.com/gorilla/websocket v1.4.0 h1:WDFjx/TMzVgy9VdMMQi2K2Emtwi2QcUQsztZ/zLaH/Q=
github.com/gorilla/websocket v1.4.0/go.mod h1:E7qHFY5m1UJ88s3WnNqhKjPHQ0heANvMoAMk2YaljkQ=
golang.org/x/crypto v0.0.0-20181030102418-4d3f4d9ffa16 h1:y6ce7gCWtnH+m3dCjzQ1PCuwl28DDIc3VNnvY29DlIA=
golang.org/x/crypto v0.0.0-20181030102418-4d3f4d9ffa16/go.mod h1:6SG95UA2DQfeDnfUPMdvaQW0Q7yPrPDi9nlGo2tz2b4=
golang.org/x/crypto v0.0.0-20190308221718-c2843e01d9a2 h1:VklqNMn3ovrHsnt90PveolxSbWFaJdECFbxSq0Mqo2M=
golang.org/x/crypto v0.0.0-20190308221718-c2843e01d9a2/go.mod h1:djNgcEr1/C05ACkg1iLfiJU5Ep61QUkGW8qpdssI0+w=
golang.org/x/sys v0.0.0-20190215142949-d0b11bdaac8a/go.mod h1:STP8DvDyc/dI5b8T5hshtkjS+E42TnysNCUPdjciGhY=
golang.org/x/sys v0.0.0-20191010194322-b09406accb47 h1:/XfQ9z7ib8eEJX2hdgFTZJ/ntt0swNk5oYBziWeTCvY=
golang.org/x/sys v0.0.0-20191010194322-b09406accb47/go.mod h1:h1NjWce9XRLGQEsW7wpKNCjG9DtNlClVuFLEZdDNbEs=
